// !$*UTF8*$!
{
	archiveVersion = 1;
	classes = {
	};
	objectVersion = 50;
	objects = {

/* Begin PBXBuildFile section */
		FABB444920BB022400F91750 /* main.swift in Sources */ = {isa = PBXBuildFile; fileRef = FABB444820BB022400F91750 /* main.swift */; };
		FABB445020BB02D700F91750 /* CLIArgsParser.swift in Sources */ = {isa = PBXBuildFile; fileRef = FABB444F20BB02D700F91750 /* CLIArgsParser.swift */; };
		FABB445220BB02EE00F91750 /* HelperFunctions.swift in Sources */ = {isa = PBXBuildFile; fileRef = FABB445120BB02EE00F91750 /* HelperFunctions.swift */; };
		FABB445420BB209500F91750 /* CliArguments.swift in Sources */ = {isa = PBXBuildFile; fileRef = FABB445320BB209500F91750 /* CliArguments.swift */; };
		FABB445A20BB2ACA00F91750 /* StoryboardParserDelegate.swift in Sources */ = {isa = PBXBuildFile; fileRef = FABB445920BB2ACA00F91750 /* StoryboardParserDelegate.swift */; };
/* End PBXBuildFile section */

/* Begin PBXCopyFilesBuildPhase section */
		FABB444320BB022300F91750 /* CopyFiles */ = {
			isa = PBXCopyFilesBuildPhase;
			buildActionMask = 2147483647;
			dstPath = /usr/share/man/man1/;
			dstSubfolderSpec = 0;
			files = (
			);
			runOnlyForDeploymentPostprocessing = 1;
		};
/* End PBXCopyFilesBuildPhase section */

/* Begin PBXFileReference section */
		FABB444520BB022300F91750 /* SBEnumerator */ = {isa = PBXFileReference; explicitFileType = "compiled.mach-o.executable"; includeInIndex = 0; path = SBEnumerator; sourceTree = BUILT_PRODUCTS_DIR; };
		FABB444820BB022400F91750 /* main.swift */ = {isa = PBXFileReference; lastKnownFileType = sourcecode.swift; path = main.swift; sourceTree = "<group>"; };
		FABB444F20BB02D700F91750 /* CLIArgsParser.swift */ = {isa = PBXFileReference; fileEncoding = 4; lastKnownFileType = sourcecode.swift; path = CLIArgsParser.swift; sourceTree = "<group>"; };
		FABB445120BB02EE00F91750 /* HelperFunctions.swift */ = {isa = PBXFileReference; fileEncoding = 4; lastKnownFileType = sourcecode.swift; path = HelperFunctions.swift; sourceTree = "<group>"; };
		FABB445320BB209500F91750 /* CliArguments.swift */ = {isa = PBXFileReference; fileEncoding = 4; lastKnownFileType = sourcecode.swift; path = CliArguments.swift; sourceTree = "<group>"; };
		FABB445920BB2ACA00F91750 /* StoryboardParserDelegate.swift */ = {isa = PBXFileReference; lastKnownFileType = sourcecode.swift; path = StoryboardParserDelegate.swift; sourceTree = "<group>"; };
		FABB445D20BB617800F91750 /* Common.xcconfig */ = {isa = PBXFileReference; lastKnownFileType = text.xcconfig; path = Common.xcconfig; sourceTree = "<group>"; };
		FABB445E20BB637300F91750 /* Debug.xcconfig */ = {isa = PBXFileReference; lastKnownFileType = text.xcconfig; path = Debug.xcconfig; sourceTree = "<group>"; };
		FABB445F20BB637C00F91750 /* Release.xcconfig */ = {isa = PBXFileReference; lastKnownFileType = text.xcconfig; path = Release.xcconfig; sourceTree = "<group>"; };
		FABB446320BBC3DD00F91750 /* LICENSE */ = {isa = PBXFileReference; lastKnownFileType = text; path = LICENSE; sourceTree = "<group>"; };
		FABB446420BBC3EA00F91750 /* README.md */ = {isa = PBXFileReference; lastKnownFileType = net.daringfireball.markdown; path = README.md; sourceTree = "<group>"; };
		FABB446520BBC3FE00F91750 /* .swiftlint.yml */ = {isa = PBXFileReference; lastKnownFileType = text; path = .swiftlint.yml; sourceTree = "<group>"; };
		FABB446620BBC40700F91750 /* .gitignore */ = {isa = PBXFileReference; lastKnownFileType = text; path = .gitignore; sourceTree = "<group>"; };
/* End PBXFileReference section */

/* Begin PBXFrameworksBuildPhase section */
		FABB444220BB022300F91750 /* Frameworks */ = {
			isa = PBXFrameworksBuildPhase;
			buildActionMask = 2147483647;
			files = (
			);
			runOnlyForDeploymentPostprocessing = 0;
		};
/* End PBXFrameworksBuildPhase section */

/* Begin PBXGroup section */
		FABB443C20BB022300F91750 = {
			isa = PBXGroup;
			children = (
				FABB446320BBC3DD00F91750 /* LICENSE */,
				FABB446420BBC3EA00F91750 /* README.md */,
				FABB444720BB022300F91750 /* SBEnumerator */,
				FABB444620BB022300F91750 /* Products */,
			);
			sourceTree = "<group>";
		};
		FABB444620BB022300F91750 /* Products */ = {
			isa = PBXGroup;
			children = (
				FABB444520BB022300F91750 /* SBEnumerator */,
			);
			name = Products;
			sourceTree = "<group>";
		};
		FABB444720BB022300F91750 /* SBEnumerator */ = {
			isa = PBXGroup;
			children = (
				FABB444820BB022400F91750 /* main.swift */,
				FABB445920BB2ACA00F91750 /* StoryboardParserDelegate.swift */,
				FABB445320BB209500F91750 /* CliArguments.swift */,
				FABB446120BB655700F91750 /* Helper */,
				FABB446220BB658F00F91750 /* Configurations */,
				FABB446720BBC41800F91750 /* Supporting Files */,
			);
			path = SBEnumerator;
			sourceTree = "<group>";
		};
		FABB446120BB655700F91750 /* Helper */ = {
			isa = PBXGroup;
			children = (
				FABB445120BB02EE00F91750 /* HelperFunctions.swift */,
				FABB444F20BB02D700F91750 /* CLIArgsParser.swift */,
			);
			path = Helper;
			sourceTree = "<group>";
		};
		FABB446220BB658F00F91750 /* Configurations */ = {
			isa = PBXGroup;
			children = (
				FABB445D20BB617800F91750 /* Common.xcconfig */,
				FABB445F20BB637C00F91750 /* Release.xcconfig */,
				FABB445E20BB637300F91750 /* Debug.xcconfig */,
			);
			path = Configurations;
			sourceTree = "<group>";
		};
		FABB446720BBC41800F91750 /* Supporting Files */ = {
			isa = PBXGroup;
			children = (
				FABB446620BBC40700F91750 /* .gitignore */,
				FABB446520BBC3FE00F91750 /* .swiftlint.yml */,
			);
			name = "Supporting Files";
			sourceTree = "<group>";
		};
/* End PBXGroup section */

/* Begin PBXNativeTarget section */
		FABB444420BB022300F91750 /* SBEnumerator */ = {
			isa = PBXNativeTarget;
			buildConfigurationList = FABB444C20BB022400F91750 /* Build configuration list for PBXNativeTarget "SBEnumerator" */;
			buildPhases = (
				FA26EEF220BBC7410036C65F /* ShellScript */,
				FABB444120BB022300F91750 /* Sources */,
				FABB444220BB022300F91750 /* Frameworks */,
				FABB444320BB022300F91750 /* CopyFiles */,
			);
			buildRules = (
			);
			dependencies = (
			);
			name = SBEnumerator;
			productName = SBEnumerator;
			productReference = FABB444520BB022300F91750 /* SBEnumerator */;
			productType = "com.apple.product-type.tool";
		};
/* End PBXNativeTarget section */

/* Begin PBXProject section */
		FABB443D20BB022300F91750 /* Project object */ = {
			isa = PBXProject;
			attributes = {
				LastSwiftUpdateCheck = 0930;
				LastUpgradeCheck = 0930;
				ORGANIZATIONNAME = Farbflash;
				TargetAttributes = {
					FABB444420BB022300F91750 = {
						CreatedOnToolsVersion = 9.3.1;
					};
				};
			};
			buildConfigurationList = FABB444020BB022300F91750 /* Build configuration list for PBXProject "SBEnumerator" */;
			compatibilityVersion = "Xcode 9.3";
			developmentRegion = en;
			hasScannedForEncodings = 0;
			knownRegions = (
				en,
			);
			mainGroup = FABB443C20BB022300F91750;
			productRefGroup = FABB444620BB022300F91750 /* Products */;
			projectDirPath = "";
			projectRoot = "";
			targets = (
				FABB444420BB022300F91750 /* SBEnumerator */,
			);
		};
/* End PBXProject section */

/* Begin PBXShellScriptBuildPhase section */
		FA26EEF220BBC7410036C65F /* ShellScript */ = {
			isa = PBXShellScriptBuildPhase;
			buildActionMask = 2147483647;
			files = (
			);
			inputPaths = (
			);
			outputPaths = (
			);
			runOnlyForDeploymentPostprocessing = 0;
			shellPath = /bin/sh;
			shellScript = "if which swiftlint >/dev/null; then\n    swiftlint autocorrect\n    swiftlint\nelse\n    echo \"warning: SwiftLint not installed, download from https://github.com/realm/SwiftLint\"\nfi";
		};
/* End PBXShellScriptBuildPhase section */

/* Begin PBXSourcesBuildPhase section */
		FABB444120BB022300F91750 /* Sources */ = {
			isa = PBXSourcesBuildPhase;
			buildActionMask = 2147483647;
			files = (
				FABB445020BB02D700F91750 /* CLIArgsParser.swift in Sources */,
				FABB445A20BB2ACA00F91750 /* StoryboardParserDelegate.swift in Sources */,
				FABB444920BB022400F91750 /* main.swift in Sources */,
				FABB445220BB02EE00F91750 /* HelperFunctions.swift in Sources */,
				FABB445420BB209500F91750 /* CliArguments.swift in Sources */,
			);
			runOnlyForDeploymentPostprocessing = 0;
		};
/* End PBXSourcesBuildPhase section */

/* Begin XCBuildConfiguration section */
		FABB444A20BB022400F91750 /* Debug */ = {
			isa = XCBuildConfiguration;
			buildSettings = {
				ALWAYS_SEARCH_USER_PATHS = NO;
				CLANG_ANALYZER_NONNULL = YES;
				CLANG_ANALYZER_NUMBER_OBJECT_CONVERSION = YES_AGGRESSIVE;
				CLANG_CXX_LANGUAGE_STANDARD = "gnu++14";
				CLANG_CXX_LIBRARY = "libc++";
				CLANG_ENABLE_MODULES = YES;
				CLANG_ENABLE_OBJC_ARC = YES;
				CLANG_ENABLE_OBJC_WEAK = YES;
				CLANG_WARN_BLOCK_CAPTURE_AUTORELEASING = YES;
				CLANG_WARN_BOOL_CONVERSION = YES;
				CLANG_WARN_COMMA = YES;
				CLANG_WARN_CONSTANT_CONVERSION = YES;
				CLANG_WARN_DEPRECATED_OBJC_IMPLEMENTATIONS = YES;
				CLANG_WARN_DIRECT_OBJC_ISA_USAGE = YES_ERROR;
				CLANG_WARN_DOCUMENTATION_COMMENTS = YES;
				CLANG_WARN_EMPTY_BODY = YES;
				CLANG_WARN_ENUM_CONVERSION = YES;
				CLANG_WARN_INFINITE_RECURSION = YES;
				CLANG_WARN_INT_CONVERSION = YES;
				CLANG_WARN_NON_LITERAL_NULL_CONVERSION = YES;
				CLANG_WARN_OBJC_IMPLICIT_RETAIN_SELF = YES;
				CLANG_WARN_OBJC_LITERAL_CONVERSION = YES;
				CLANG_WARN_OBJC_ROOT_CLASS = YES_ERROR;
				CLANG_WARN_RANGE_LOOP_ANALYSIS = YES;
				CLANG_WARN_STRICT_PROTOTYPES = YES;
				CLANG_WARN_SUSPICIOUS_MOVE = YES;
				CLANG_WARN_UNGUARDED_AVAILABILITY = YES_AGGRESSIVE;
				CLANG_WARN_UNREACHABLE_CODE = YES;
				CLANG_WARN__DUPLICATE_METHOD_MATCH = YES;
				CODE_SIGN_IDENTITY = "Mac Developer";
				COPY_PHASE_STRIP = NO;
				DEBUG_INFORMATION_FORMAT = dwarf;
				ENABLE_STRICT_OBJC_MSGSEND = YES;
				ENABLE_TESTABILITY = YES;
				GCC_C_LANGUAGE_STANDARD = gnu11;
				GCC_DYNAMIC_NO_PIC = NO;
				GCC_NO_COMMON_BLOCKS = YES;
				GCC_OPTIMIZATION_LEVEL = 0;
				GCC_PREPROCESSOR_DEFINITIONS = (
					"DEBUG=1",
					"$(inherited)",
				);
				GCC_WARN_64_TO_32_BIT_CONVERSION = YES;
				GCC_WARN_ABOUT_RETURN_TYPE = YES_ERROR;
				GCC_WARN_UNDECLARED_SELECTOR = YES;
				GCC_WARN_UNINITIALIZED_AUTOS = YES_AGGRESSIVE;
				GCC_WARN_UNUSED_FUNCTION = YES;
				GCC_WARN_UNUSED_VARIABLE = YES;
				MACOSX_DEPLOYMENT_TARGET = 10.13;
				MTL_ENABLE_DEBUG_INFO = YES;
				ONLY_ACTIVE_ARCH = YES;
				SDKROOT = macosx;
				SWIFT_ACTIVE_COMPILATION_CONDITIONS = DEBUG;
				SWIFT_OPTIMIZATION_LEVEL = "-Onone";
			};
			name = Debug;
		};
		FABB444B20BB022400F91750 /* Release */ = {
			isa = XCBuildConfiguration;
			buildSettings = {
				ALWAYS_SEARCH_USER_PATHS = NO;
				CLANG_ANALYZER_NONNULL = YES;
				CLANG_ANALYZER_NUMBER_OBJECT_CONVERSION = YES_AGGRESSIVE;
				CLANG_CXX_LANGUAGE_STANDARD = "gnu++14";
				CLANG_CXX_LIBRARY = "libc++";
				CLANG_ENABLE_MODULES = YES;
				CLANG_ENABLE_OBJC_ARC = YES;
				CLANG_ENABLE_OBJC_WEAK = YES;
				CLANG_WARN_BLOCK_CAPTURE_AUTORELEASING = YES;
				CLANG_WARN_BOOL_CONVERSION = YES;
				CLANG_WARN_COMMA = YES;
				CLANG_WARN_CONSTANT_CONVERSION = YES;
				CLANG_WARN_DEPRECATED_OBJC_IMPLEMENTATIONS = YES;
				CLANG_WARN_DIRECT_OBJC_ISA_USAGE = YES_ERROR;
				CLANG_WARN_DOCUMENTATION_COMMENTS = YES;
				CLANG_WARN_EMPTY_BODY = YES;
				CLANG_WARN_ENUM_CONVERSION = YES;
				CLANG_WARN_INFINITE_RECURSION = YES;
				CLANG_WARN_INT_CONVERSION = YES;
				CLANG_WARN_NON_LITERAL_NULL_CONVERSION = YES;
				CLANG_WARN_OBJC_IMPLICIT_RETAIN_SELF = YES;
				CLANG_WARN_OBJC_LITERAL_CONVERSION = YES;
				CLANG_WARN_OBJC_ROOT_CLASS = YES_ERROR;
				CLANG_WARN_RANGE_LOOP_ANALYSIS = YES;
				CLANG_WARN_STRICT_PROTOTYPES = YES;
				CLANG_WARN_SUSPICIOUS_MOVE = YES;
				CLANG_WARN_UNGUARDED_AVAILABILITY = YES_AGGRESSIVE;
				CLANG_WARN_UNREACHABLE_CODE = YES;
				CLANG_WARN__DUPLICATE_METHOD_MATCH = YES;
				CODE_SIGN_IDENTITY = "Mac Developer";
				COPY_PHASE_STRIP = NO;
				DEBUG_INFORMATION_FORMAT = "dwarf-with-dsym";
				ENABLE_NS_ASSERTIONS = NO;
				ENABLE_STRICT_OBJC_MSGSEND = YES;
				GCC_C_LANGUAGE_STANDARD = gnu11;
				GCC_NO_COMMON_BLOCKS = YES;
				GCC_WARN_64_TO_32_BIT_CONVERSION = YES;
				GCC_WARN_ABOUT_RETURN_TYPE = YES_ERROR;
				GCC_WARN_UNDECLARED_SELECTOR = YES;
				GCC_WARN_UNINITIALIZED_AUTOS = YES_AGGRESSIVE;
				GCC_WARN_UNUSED_FUNCTION = YES;
				GCC_WARN_UNUSED_VARIABLE = YES;
				MACOSX_DEPLOYMENT_TARGET = 10.13;
				MTL_ENABLE_DEBUG_INFO = NO;
				SDKROOT = macosx;
				SWIFT_COMPILATION_MODE = wholemodule;
				SWIFT_OPTIMIZATION_LEVEL = "-O";
			};
			name = Release;
		};
		FABB444D20BB022400F91750 /* Debug */ = {
			isa = XCBuildConfiguration;
			baseConfigurationReference = FABB445E20BB637300F91750 /* Debug.xcconfig */;
			buildSettings = {
			};
			name = Debug;
		};
		FABB444E20BB022400F91750 /* Release */ = {
			isa = XCBuildConfiguration;
			baseConfigurationReference = FABB445F20BB637C00F91750 /* Release.xcconfig */;
			buildSettings = {
			};
			name = Release;
		};
/* End XCBuildConfiguration section */

/* Begin XCConfigurationList section */
		FABB444020BB022300F91750 /* Build configuration list for PBXProject "SBEnumerator" */ = {
			isa = XCConfigurationList;
			buildConfigurations = (
				FABB444A20BB022400F91750 /* Debug */,
				FABB444B20BB022400F91750 /* Release */,
			);
			defaultConfigurationIsVisible = 0;
			defaultConfigurationName = Release;
		};
		FABB444C20BB022400F91750 /* Build configuration list for PBXNativeTarget "SBEnumerator" */ = {
			isa = XCConfigurationList;
			buildConfigurations = (
				FABB444D20BB022400F91750 /* Debug */,
				FABB444E20BB022400F91750 /* Release */,
			);
			defaultConfigurationIsVisible = 0;
			defaultConfigurationName = Release;
		};
/* End XCConfigurationList section */
	};
	rootObject = FABB443D20BB022300F91750 /* Project object */;
}
